
Microsoft Visual Studio Solution File, Format Version 12.00
# Visual Studio Version 17
VisualStudioVersion = 17.3.32825.248
MinimumVisualStudioVersion = 10.0.40219.1
Project("{8BC9CEB8-8B4A-11D0-8D11-00A0C91BC942}") = "depth-test", "depth-test.vcxproj", "{9580C455-AE74-42A3-8F48-18B8AD5E2E95}"
EndProject
Project("{8BC9CEB8-8B4A-11D0-8D11-00A0C91BC942}") = "GLFW", "GLFW\GLFW.vcxproj", "{D045276A-AA34-44C4-958E-76B5B401360A}"
EndProject
Project("{8BC9CEB8-8B4A-11D0-8D11-00A0C91BC942}") = "GLAD", "GLAD\GLAD.vcxproj", "{BCDBA7B4-0F6F-4825-B458-1E0D071ECE97}"
EndProject
Global
	GlobalSection(SolutionConfigurationPlatforms) = preSolution
		Debug|x64 = Debug|x64
		Debug|x86 = Debug|x86
		Release|x64 = Release|x64
		Release|x86 = Release|x86
	EndGlobalSection
	GlobalSection(ProjectConfigurationPlatforms) = postSolution
		{9580C455-AE74-42A3-8F48-18B8AD5E2E95}.Debug|x64.ActiveCfg = Debug|x64
		{9580C455-AE74-42A3-8F48-18B8AD5E2E95}.Debug|x64.Build.0 = Debug|x64
		{9580C455-AE74-42A3-8F48-18B8AD5E2E95}.Debug|x86.ActiveCfg = Debug|Win32
		{9580C455-AE74-42A3-8F48-18B8AD5E2E95}.Debug|x86.Build.0 = Debug|Win32
		{9580C455-AE74-42A3-8F48-18B8AD5E2E95}.Release|x64.ActiveCfg = Release|x64
		{9580C455-AE74-42A3-8F48-18B8AD5E2E95}.Release|x64.Build.0 = Release|x64
		{9580C455-AE74-42A3-8F48-18B8AD5E2E95}.Release|x86.ActiveCfg = Release|Win32
		{9580C455-AE74-42A3-8F48-18B8AD5E2E95}.Release|x86.Build.0 = Release|Win32
		{D045276A-AA34-44C4-958E-76B5B401360A}.Debug|x64.ActiveCfg = Debug|x64
		{D045276A-AA34-44C4-958E-76B5B401360A}.Debug|x64.Build.0 = Debug|x64
		{D045276A-AA34-44C4-958E-76B5B401360A}.Debug|x86.ActiveCfg = Debug|Win32
		{D045276A-AA34-44C4-958E-76B5B401360A}.Debug|x86.Build.0 = Debug|Win32
		{D045276A-AA34-44C4-958E-76B5B401360A}.Release|x64.ActiveCfg = Release|x64
		{D045276A-AA34-44C4-958E-76B5B401360A}.Release|x64.Build.0 = Release|x64
		{D045276A-AA34-44C4-958E-76B5B401360A}.Release|x86.ActiveCfg = Release|Win32
		{D045276A-AA34-44C4-958E-76B5B401360A}.Release|x86.Build.0 = Release|Win32
		{BCDBA7B4-0F6F-4825-B458-1E0D071ECE97}.Debug|x64.ActiveCfg = Debug|x64
		{BCDBA7B4-0F6F-4825-B458-1E0D071ECE97}.Debug|x64.Build.0 = Debug|x64
		{BCDBA7B4-0F6F-4825-B458-1E0D071ECE97}.Debug|x86.ActiveCfg = Debug|Win32
		{BCDBA7B4-0F6F-4825-B458-1E0D071ECE97}.Debug|x86.Build.0 = Debug|Win32
		{BCDBA7B4-0F6F-4825-B458-1E0D071ECE97}.Release|x64.ActiveCfg = Release|x64
		{BCDBA7B4-0F6F-4825-B458-1E0D071ECE97}.Release|x64.Build.0 = Release|x64
		{BCDBA7B4-0F6F-4825-B458-1E0D071ECE97}.Release|x86.ActiveCfg = Release|Win32
		{BCDBA7B4-0F6F-4825-B458-1E0D071ECE97}.Release|x86.Build.0 = Release|Win32
	EndGlobalSection
	GlobalSection(SolutionProperties) = preSolution
		HideSolutionNode = FALSE
	EndGlobalSection
	GlobalSection(ExtensibilityGlobals) = postSolution
		SolutionGuid = {9588351D-D295-4105-8ACF-DFB1CBAE0A25}
	EndGlobalSection
EndGlobal
